
Microsoft Visual Studio Solution File, Format Version 12.00
# Visual Studio Version 17
VisualStudioVersion = 17.5.002.0
MinimumVisualStudioVersion = 10.0.40219.1
Project("{2150E333-8FDC-42A3-9474-1A3956D46DE8}") = "compiler", "compiler", "{DD45FBBD-2FD1-4CF8-AD55-7E8295F22BCF}"
EndProject
Project("{9A19103F-16F7-4668-BE54-9A1E7A4F7556}") = "parser", "compiler\parser\parser.csproj", "{72F62509-A4D2-4E2C-A53C-B27CF9971F05}"
EndProject
Global
	GlobalSection(SolutionConfigurationPlatforms) = preSolution
		Debug|Any CPU = Debug|Any CPU
		Release|Any CPU = Release|Any CPU
	EndGlobalSection
	GlobalSection(ProjectConfigurationPlatforms) = postSolution
		{72F62509-A4D2-4E2C-A53C-B27CF9971F05}.Debug|Any CPU.ActiveCfg = Debug|Any CPU
		{72F62509-A4D2-4E2C-A53C-B27CF9971F05}.Debug|Any CPU.Build.0 = Debug|Any CPU
		{72F62509-A4D2-4E2C-A53C-B27CF9971F05}.Release|Any CPU.ActiveCfg = Release|Any CPU
		{72F62509-A4D2-4E2C-A53C-B27CF9971F05}.Release|Any CPU.Build.0 = Release|Any CPU
	EndGlobalSection
	GlobalSection(SolutionProperties) = preSolution
		HideSolutionNode = FALSE
	EndGlobalSection
	GlobalSection(NestedProjects) = preSolution
		{72F62509-A4D2-4E2C-A53C-B27CF9971F05} = {DD45FBBD-2FD1-4CF8-AD55-7E8295F22BCF}
	EndGlobalSection
	GlobalSection(ExtensibilityGlobals) = postSolution
		SolutionGuid = {21D06A38-47E8-4EEA-88E1-780A523C0F10}
	EndGlobalSection
EndGlobal
